Microsoft Visual Studio Solution File, Format Version 8.00
Project("{8BC9CEB8-8B4A-11D0-8D11-00A0C91BC942}") = "ASC", "ASC\ASC.vcproj", "{B7F902AB-FD64-48FB-B36A-50D48B03447F}"
	ProjectSection(ProjectDependencies) = postProject
		{1714B929-BACD-11D5-8156-00805F852A9B} = {1714B929-BACD-11D5-8156-00805F852A9B}
		{EEB27D32-9E14-46C4-BFE4-720869A65BAC} = {EEB27D32-9E14-46C4-BFE4-720869A65BAC}
		{0D580E34-B11C-45CD-A50A-9B5B203992B6} = {0D580E34-B11C-45CD-A50A-9B5B203992B6}
		{E14FAA4A-B45F-4E09-9BE6-78CA0247F915} = {E14FAA4A-B45F-4E09-9BE6-78CA0247F915}
		{1714B977-BACD-11D5-8156-00805F852A9B} = {1714B977-BACD-11D5-8156-00805F852A9B}
		{7DD5348B-0DE1-4810-B856-723BA5D3733A} = {7DD5348B-0DE1-4810-B856-723BA5D3733A}
	EndProjectSection
EndProject
Project("{8BC9CEB8-8B4A-11D0-8D11-00A0C91BC942}") = "libbzip2", "libbzip2\libbzip2.vcproj", "{E14FAA4A-B45F-4E09-9BE6-78CA0247F915}"
	ProjectSection(ProjectDependencies) = postProject
	EndProjectSection
EndProject
Project("{8BC9CEB8-8B4A-11D0-8D11-00A0C91BC942}") = "jpeglib", "jpeglib\jpeglib.vcproj", "{0D580E34-B11C-45CD-A50A-9B5B203992B6}"
	ProjectSection(ProjectDependencies) = postProject
	EndProjectSection
EndProject
Project("{8BC9CEB8-8B4A-11D0-8D11-00A0C91BC942}") = "triangulate", "..\..\libs\triangul\triangulate.vcproj", "{1714B929-BACD-11D5-8156-00805F852A9B}"
	ProjectSection(ProjectDependencies) = postProject
	EndProjectSection
EndProject
Project("{8BC9CEB8-8B4A-11D0-8D11-00A0C91BC942}") = "sdl", "..\..\sdl\sdl.vcproj", "{1714B977-BACD-11D5-8156-00805F852A9B}"
	ProjectSection(ProjectDependencies) = postProject
	EndProjectSection
EndProject
Project("{8BC9CEB8-8B4A-11D0-8D11-00A0C91BC942}") = "mapeditor", "mapeditor\mapeditor.vcproj", "{2610C66C-BB44-11D5-8156-00805F852A9B}"
	ProjectSection(ProjectDependencies) = postProject
		{1714B929-BACD-11D5-8156-00805F852A9B} = {1714B929-BACD-11D5-8156-00805F852A9B}
		{0D580E34-B11C-45CD-A50A-9B5B203992B6} = {0D580E34-B11C-45CD-A50A-9B5B203992B6}
		{E14FAA4A-B45F-4E09-9BE6-78CA0247F915} = {E14FAA4A-B45F-4E09-9BE6-78CA0247F915}
		{1714B977-BACD-11D5-8156-00805F852A9B} = {1714B977-BACD-11D5-8156-00805F852A9B}
		{049F5980-B0BD-4F97-B142-B118733068C8} = {049F5980-B0BD-4F97-B142-B118733068C8}
	EndProjectSection
EndProject
Project("{8BC9CEB8-8B4A-11D0-8D11-00A0C91BC942}") = "demount", "..\..\tools\win\demount.vcproj", "{9DB90739-BAA7-11D5-8156-00805F852A9B}"
	ProjectSection(ProjectDependencies) = postProject
		{2D401A22-BAA4-11D5-8156-00805F852A9B} = {2D401A22-BAA4-11D5-8156-00805F852A9B}
		{E14FAA4A-B45F-4E09-9BE6-78CA0247F915} = {E14FAA4A-B45F-4E09-9BE6-78CA0247F915}
		{1714B977-BACD-11D5-8156-00805F852A9B} = {1714B977-BACD-11D5-8156-00805F852A9B}
	EndProjectSection
EndProject
Project("{8BC9CEB8-8B4A-11D0-8D11-00A0C91BC942}") = "mount", "..\..\tools\win\mount.vcproj", "{5EC07E44-BAB8-11D5-8156-00805F852A9B}"
	ProjectSection(ProjectDependencies) = postProject
		{2D401A22-BAA4-11D5-8156-00805F852A9B} = {2D401A22-BAA4-11D5-8156-00805F852A9B}
		{E14FAA4A-B45F-4E09-9BE6-78CA0247F915} = {E14FAA4A-B45F-4E09-9BE6-78CA0247F915}
		{1714B977-BACD-11D5-8156-00805F852A9B} = {1714B977-BACD-11D5-8156-00805F852A9B}
	EndProjectSection
EndProject
Project("{8BC9CEB8-8B4A-11D0-8D11-00A0C91BC942}") = "tools", "..\..\tools\win\tools.vcproj", "{2D401A22-BAA4-11D5-8156-00805F852A9B}"
	ProjectSection(ProjectDependencies) = postProject
	EndProjectSection
EndProject
Project("{8BC9CEB8-8B4A-11D0-8D11-00A0C91BC942}") = "bin2txt", "..\..\tools\win\bin2text.vcproj", "{9DB90739-BAA7-11D5-8156-00805F852A9B}"
	ProjectSection(ProjectDependencies) = postProject
		{2D401A22-BAA4-11D5-8156-00805F852A9B} = {2D401A22-BAA4-11D5-8156-00805F852A9B}
		{E14FAA4A-B45F-4E09-9BE6-78CA0247F915} = {E14FAA4A-B45F-4E09-9BE6-78CA0247F915}
		{1714B977-BACD-11D5-8156-00805F852A9B} = {1714B977-BACD-11D5-8156-00805F852A9B}
	EndProjectSection
EndProject
Project("{8BC9CEB8-8B4A-11D0-8D11-00A0C91BC942}") = "weaponguide", "..\..\tools\win\weaponguide.vcproj", "{5EC07E44-BAB8-11D5-8156-00805F852A9B}"
	ProjectSection(ProjectDependencies) = postProject
		{2D401A22-BAA4-11D5-8156-00805F852A9B} = {2D401A22-BAA4-11D5-8156-00805F852A9B}
		{E14FAA4A-B45F-4E09-9BE6-78CA0247F915} = {E14FAA4A-B45F-4E09-9BE6-78CA0247F915}
		{1714B977-BACD-11D5-8156-00805F852A9B} = {1714B977-BACD-11D5-8156-00805F852A9B}
	EndProjectSection
EndProject
Project("{8BC9CEB8-8B4A-11D0-8D11-00A0C91BC942}") = "viewid", "..\..\tools\win\viewid.vcproj", "{5EC07E44-BAB8-11D5-8156-00805F852A9B}"
	ProjectSection(ProjectDependencies) = postProject
		{2D401A22-BAA4-11D5-8156-00805F852A9B} = {2D401A22-BAA4-11D5-8156-00805F852A9B}
		{E14FAA4A-B45F-4E09-9BE6-78CA0247F915} = {E14FAA4A-B45F-4E09-9BE6-78CA0247F915}
		{1714B977-BACD-11D5-8156-00805F852A9B} = {1714B977-BACD-11D5-8156-00805F852A9B}
	EndProjectSection
EndProject
Project("{8BC9CEB8-8B4A-11D0-8D11-00A0C91BC942}") = "SDLmm", "..\..\libs\sdlmm\SDLmm\SDLmm.vcproj", "{7DD5348B-0DE1-4810-B856-723BA5D3733A}"
	ProjectSection(ProjectDependencies) = postProject
	EndProjectSection
EndProject
Project("{8BC9CEB8-8B4A-11D0-8D11-00A0C91BC942}") = "sigc++", "..\..\libs\libsigc++\sigc++\sigc++.vcproj", "{049F5980-B0BD-4F97-B142-B118733068C8}"
	ProjectSection(ProjectDependencies) = postProject
	EndProjectSection
EndProject
Project("{8BC9CEB8-8B4A-11D0-8D11-00A0C91BC942}") = "paragui_dynamic", "..\..\libs\paragui-1.2\VisualC\paragui_dynamic\paragui_dynamic.vcproj", "{EEB27D32-9E14-46C4-BFE4-720869A65BAC}"
	ProjectSection(ProjectDependencies) = postProject
		{049F5980-B0BD-4F97-B142-B118733068C8} = {049F5980-B0BD-4F97-B142-B118733068C8}
	EndProjectSection
EndProject
Project("{8BC9CEB8-8B4A-11D0-8D11-00A0C91BC942}") = "test", "..\..\libs\paragui-1.2\VisualC\test\test.vcproj", "{0FD5758F-9E7B-417F-AC9D-0FA55AF7992B}"
	ProjectSection(ProjectDependencies) = postProject
		{EEB27D32-9E14-46C4-BFE4-720869A65BAC} = {EEB27D32-9E14-46C4-BFE4-720869A65BAC}
	EndProjectSection
EndProject
Global
	GlobalSection(SolutionConfiguration) = preSolution
		Debug = Debug
		Release = Release
	EndGlobalSection
	GlobalSection(ProjectConfiguration) = postSolution
		{B7F902AB-FD64-48FB-B36A-50D48B03447F}.Debug.ActiveCfg = Debug|Win32
		{B7F902AB-FD64-48FB-B36A-50D48B03447F}.Release.ActiveCfg = Release|Win32
		{E14FAA4A-B45F-4E09-9BE6-78CA0247F915}.Debug.ActiveCfg = Debug|Win32
		{E14FAA4A-B45F-4E09-9BE6-78CA0247F915}.Release.ActiveCfg = Release|Win32
		{0D580E34-B11C-45CD-A50A-9B5B203992B6}.Debug.ActiveCfg = Debug|Win32
		{0D580E34-B11C-45CD-A50A-9B5B203992B6}.Release.ActiveCfg = Release|Win32
		{1714B929-BACD-11D5-8156-00805F852A9B}.Debug.ActiveCfg = Debug|Win32
		{1714B929-BACD-11D5-8156-00805F852A9B}.Release.ActiveCfg = Release|Win32
		{1714B977-BACD-11D5-8156-00805F852A9B}.Debug.ActiveCfg = Debug|Win32
		{1714B977-BACD-11D5-8156-00805F852A9B}.Release.ActiveCfg = Release|Win32
		{2610C66C-BB44-11D5-8156-00805F852A9B}.Debug.ActiveCfg = Debug|Win32
		{2610C66C-BB44-11D5-8156-00805F852A9B}.Release.ActiveCfg = Release|Win32
		{9DB90739-BAA7-11D5-8156-00805F852A9B}.Debug.ActiveCfg = Debug|Win32
		{9DB90739-BAA7-11D5-8156-00805F852A9B}.Release.ActiveCfg = Release|Win32
		{5EC07E44-BAB8-11D5-8156-00805F852A9B}.Debug.ActiveCfg = Debug|Win32
		{5EC07E44-BAB8-11D5-8156-00805F852A9B}.Release.ActiveCfg = Release|Win32
		{2D401A22-BAA4-11D5-8156-00805F852A9B}.Debug.ActiveCfg = Debug|Win32
		{2D401A22-BAA4-11D5-8156-00805F852A9B}.Release.ActiveCfg = Release|Win32
		{9DB90739-BAA7-11D5-8156-00805F852A9B}.Debug.ActiveCfg = Debug|Win32
		{9DB90739-BAA7-11D5-8156-00805F852A9B}.Release.ActiveCfg = Release|Win32
		{5EC07E44-BAB8-11D5-8156-00805F852A9B}.Debug.ActiveCfg = Debug|Win32
		{5EC07E44-BAB8-11D5-8156-00805F852A9B}.Release.ActiveCfg = Release|Win32
		{5EC07E44-BAB8-11D5-8156-00805F852A9B}.Debug.ActiveCfg = Debug|Win32
		{5EC07E44-BAB8-11D5-8156-00805F852A9B}.Release.ActiveCfg = Release|Win32
		{7DD5348B-0DE1-4810-B856-723BA5D3733A}.Debug.ActiveCfg = Debug|Win32
		{7DD5348B-0DE1-4810-B856-723BA5D3733A}.Release.ActiveCfg = Release|Win32
		{049F5980-B0BD-4F97-B142-B118733068C8}.Debug.ActiveCfg = Debug|Win32
		{049F5980-B0BD-4F97-B142-B118733068C8}.Release.ActiveCfg = Release|Win32
		{EEB27D32-9E14-46C4-BFE4-720869A65BAC}.Debug.ActiveCfg = Debug|Win32
		{EEB27D32-9E14-46C4-BFE4-720869A65BAC}.Debug.Build.0 = Debug|Win32
		{EEB27D32-9E14-46C4-BFE4-720869A65BAC}.Release.ActiveCfg = Release|Win32
		{EEB27D32-9E14-46C4-BFE4-720869A65BAC}.Release.Build.0 = Release|Win32
		{0FD5758F-9E7B-417F-AC9D-0FA55AF7992B}.Debug.ActiveCfg = Debug|Win32
		{0FD5758F-9E7B-417F-AC9D-0FA55AF7992B}.Debug.Build.0 = Debug|Win32
		{0FD5758F-9E7B-417F-AC9D-0FA55AF7992B}.Release.ActiveCfg = Release|Win32
		{0FD5758F-9E7B-417F-AC9D-0FA55AF7992B}.Release.Build.0 = Release|Win32
	EndGlobalSection
	GlobalSection(ExtensibilityGlobals) = postSolution
	EndGlobalSection
	GlobalSection(ExtensibilityAddIns) = postSolution
	EndGlobalSection
EndGlobal
