Microsoft Visual Studio Solution File, Format Version 7.00
Project("{8BC9CEB8-8B4A-11D0-8D11-00A0C91BC942}") = "ASC", "ASC.vcproj", "{B7F902AB-FD64-48FB-B36A-50D48B03447F}"
EndProject
Project("{8BC9CEB8-8B4A-11D0-8D11-00A0C91BC942}") = "libbzip2", "..\libbzip2\libbzip2.vcproj", "{E14FAA4A-B45F-4E09-9BE6-78CA0247F915}"
EndProject
Project("{8BC9CEB8-8B4A-11D0-8D11-00A0C91BC942}") = "jpeglib", "..\jpeglib\jpeglib.vcproj", "{0D580E34-B11C-45CD-A50A-9B5B203992B6}"
EndProject
Global
	GlobalSection(SolutionConfiguration) = preSolution
		ConfigName.0 = Debug
		ConfigName.1 = Release
	EndGlobalSection
	GlobalSection(ProjectDependencies) = postSolution
	EndGlobalSection
	GlobalSection(ProjectConfiguration) = postSolution
		{B7F902AB-FD64-48FB-B36A-50D48B03447F}.Debug.ActiveCfg = Debug|Win32
		{B7F902AB-FD64-48FB-B36A-50D48B03447F}.Debug.Build.0 = Debug|Win32
		{B7F902AB-FD64-48FB-B36A-50D48B03447F}.Release.ActiveCfg = Release|Win32
		{B7F902AB-FD64-48FB-B36A-50D48B03447F}.Release.Build.0 = Release|Win32
		{E14FAA4A-B45F-4E09-9BE6-78CA0247F915}.Debug.ActiveCfg = Debug|Win32
		{E14FAA4A-B45F-4E09-9BE6-78CA0247F915}.Debug.Build.0 = Debug|Win32
		{E14FAA4A-B45F-4E09-9BE6-78CA0247F915}.Release.ActiveCfg = Release|Win32
		{E14FAA4A-B45F-4E09-9BE6-78CA0247F915}.Release.Build.0 = Release|Win32
		{0D580E34-B11C-45CD-A50A-9B5B203992B6}.Debug.ActiveCfg = Debug|Win32
		{0D580E34-B11C-45CD-A50A-9B5B203992B6}.Debug.Build.0 = Debug|Win32
		{0D580E34-B11C-45CD-A50A-9B5B203992B6}.Release.ActiveCfg = Release|Win32
		{0D580E34-B11C-45CD-A50A-9B5B203992B6}.Release.Build.0 = Release|Win32
	EndGlobalSection
	GlobalSection(ExtensibilityGlobals) = postSolution
	EndGlobalSection
	GlobalSection(ExtensibilityAddIns) = postSolution
	EndGlobalSection
EndGlobal
